{
  "name": "branchling",
  "version": "0.1.0",
  "lockfileVersion": 3,
  "requires": true,
  "packages": {
    "": {
      "name": "branchling",
      "version": "0.1.0",
      "license": "MIT",
      "bin": {
        "branchling": "bin/branchling.mjs"
      },
      "engines": {
        "node": ">=18"
      }
    }
  }
}
